
Microsoft Visual Studio Solution File, Format Version 12.00
# Visual Studio 15
VisualStudioVersion = 15.0.26730.3
MinimumVisualStudioVersion = 10.0.40219.1
Project("{FAE04EC0-301F-11D3-BF4B-00C04F79EFBC}") = "RestClientSample", "RestClientSample\RestClientSample.csproj", "{0FDC1736-BC17-41AC-8BF2-A1734BF3C309}"
EndProject
Global
	GlobalSection(SolutionConfigurationPlatforms) = preSolution
		Debug|Any CPU = Debug|Any CPU
		Release|Any CPU = Release|Any CPU
	EndGlobalSection
	GlobalSection(ProjectConfigurationPlatforms) = postSolution
		{0FDC1736-BC17-41AC-8BF2-A1734BF3C309}.Debug|Any CPU.ActiveCfg = Debug|Any CPU
		{0FDC1736-BC17-41AC-8BF2-A1734BF3C309}.Debug|Any CPU.Build.0 = Debug|Any CPU
		{0FDC1736-BC17-41AC-8BF2-A1734BF3C309}.Release|Any CPU.ActiveCfg = Release|Any CPU
		{0FDC1736-BC17-41AC-8BF2-A1734BF3C309}.Release|Any CPU.Build.0 = Release|Any CPU
	EndGlobalSection
	GlobalSection(SolutionProperties) = preSolution
		HideSolutionNode = FALSE
	EndGlobalSection
	GlobalSection(ExtensibilityGlobals) = postSolution
		SolutionGuid = {CECAA1F5-24E3-409C-A267-E8FFE6AC3F1E}
	EndGlobalSection
EndGlobal
